
Microsoft Visual Studio Solution File, Format Version 12.00
# Visual Studio 14
VisualStudioVersion = 14.0.25420.1
MinimumVisualStudioVersion = 10.0.40219.1
Project("{FAE04EC0-301F-11D3-BF4B-00C04F79EFBC}") = "IISHosted", "SmallBizReceiptTrackingAPI\IISHosted.csproj", "{74A06CEC-DECC-42A3-976C-9E3EFF0B545D}"
EndProject
Project("{2150E333-8FDC-42A3-9474-1A3956D46DE8}") = "Business", "Business", "{774A245B-AEEF-4793-99EC-F67ADD3E38F3}"
EndProject
Project("{2150E333-8FDC-42A3-9474-1A3956D46DE8}") = "Server", "Server", "{BA3885B9-FD10-409A-BE2F-B0A1FF562ECE}"
EndProject
Project("{2150E333-8FDC-42A3-9474-1A3956D46DE8}") = "Shared", "Shared", "{97740B01-2251-4B7D-9524-824ABCCD7FFC}"
EndProject
Project("{2150E333-8FDC-42A3-9474-1A3956D46DE8}") = "Tests", "Tests", "{188BE367-0CD5-41DA-8CCF-9EC8C331425A}"
EndProject
Project("{2150E333-8FDC-42A3-9474-1A3956D46DE8}") = "Code Coverage", "Code Coverage", "{BF74E9C2-D095-43B7-942B-E9D42F89F377}"
	ProjectSection(SolutionItems) = preProject
		CodeCoverage\AllTests.bat = CodeCoverage\AllTests.bat
		CodeCoverage\IntegrationTests.bat = CodeCoverage\IntegrationTests.bat
		CodeCoverage\UnitTests.bat = CodeCoverage\UnitTests.bat
	EndProjectSection
EndProject
Project("{FAE04EC0-301F-11D3-BF4B-00C04F79EFBC}") = "Controllers", "Controllers\Controllers.csproj", "{D93F995E-AC8D-418E-AFCA-DC20AB2BC5AB}"
EndProject
Project("{FAE04EC0-301F-11D3-BF4B-00C04F79EFBC}") = "Managers", "Managers\Managers.csproj", "{BAB20F93-EC16-45CE-8988-B0903C59114C}"
EndProject
Project("{FAE04EC0-301F-11D3-BF4B-00C04F79EFBC}") = "Entities", "Entities\Entities.csproj", "{F6C583EB-8D82-4CC4-9EDF-E04F251B2244}"
EndProject
Project("{FAE04EC0-301F-11D3-BF4B-00C04F79EFBC}") = "Repositories", "Repositories\Repositories.csproj", "{4455F9EC-C00A-4A75-8AEC-C86B651B4A2B}"
EndProject
Project("{FAE04EC0-301F-11D3-BF4B-00C04F79EFBC}") = "DependencyResolution", "DependencyResolution\DependencyResolution.csproj", "{C8BBB296-92D1-417B-8BB7-689F1DC427C5}"
EndProject
Project("{FAE04EC0-301F-11D3-BF4B-00C04F79EFBC}") = "DataTransfer", "DataTransfer\DataTransfer.csproj", "{A141B7BA-4BE7-430D-84D2-1EF9BE4B354C}"
EndProject
Project("{FAE04EC0-301F-11D3-BF4B-00C04F79EFBC}") = "UnitTests", "UnitTests\UnitTests.csproj", "{B0AD4C59-F9A8-4C37-9032-868583A691C5}"
EndProject
Project("{FAE04EC0-301F-11D3-BF4B-00C04F79EFBC}") = "IntegrationTests", "IntegrationTests\IntegrationTests.csproj", "{CAC38A00-811B-427B-8957-880D1ACDE49B}"
EndProject
Global
	GlobalSection(SolutionConfigurationPlatforms) = preSolution
		Debug|Any CPU = Debug|Any CPU
		Release|Any CPU = Release|Any CPU
	EndGlobalSection
	GlobalSection(ProjectConfigurationPlatforms) = postSolution
		{74A06CEC-DECC-42A3-976C-9E3EFF0B545D}.Debug|Any CPU.ActiveCfg = Debug|Any CPU
		{74A06CEC-DECC-42A3-976C-9E3EFF0B545D}.Debug|Any CPU.Build.0 = Debug|Any CPU
		{74A06CEC-DECC-42A3-976C-9E3EFF0B545D}.Release|Any CPU.ActiveCfg = Release|Any CPU
		{74A06CEC-DECC-42A3-976C-9E3EFF0B545D}.Release|Any CPU.Build.0 = Release|Any CPU
		{D93F995E-AC8D-418E-AFCA-DC20AB2BC5AB}.Debug|Any CPU.ActiveCfg = Debug|Any CPU
		{D93F995E-AC8D-418E-AFCA-DC20AB2BC5AB}.Debug|Any CPU.Build.0 = Debug|Any CPU
		{D93F995E-AC8D-418E-AFCA-DC20AB2BC5AB}.Release|Any CPU.ActiveCfg = Release|Any CPU
		{D93F995E-AC8D-418E-AFCA-DC20AB2BC5AB}.Release|Any CPU.Build.0 = Release|Any CPU
		{BAB20F93-EC16-45CE-8988-B0903C59114C}.Debug|Any CPU.ActiveCfg = Debug|Any CPU
		{BAB20F93-EC16-45CE-8988-B0903C59114C}.Debug|Any CPU.Build.0 = Debug|Any CPU
		{BAB20F93-EC16-45CE-8988-B0903C59114C}.Release|Any CPU.ActiveCfg = Release|Any CPU
		{BAB20F93-EC16-45CE-8988-B0903C59114C}.Release|Any CPU.Build.0 = Release|Any CPU
		{F6C583EB-8D82-4CC4-9EDF-E04F251B2244}.Debug|Any CPU.ActiveCfg = Debug|Any CPU
		{F6C583EB-8D82-4CC4-9EDF-E04F251B2244}.Debug|Any CPU.Build.0 = Debug|Any CPU
		{F6C583EB-8D82-4CC4-9EDF-E04F251B2244}.Release|Any CPU.ActiveCfg = Release|Any CPU
		{F6C583EB-8D82-4CC4-9EDF-E04F251B2244}.Release|Any CPU.Build.0 = Release|Any CPU
		{4455F9EC-C00A-4A75-8AEC-C86B651B4A2B}.Debug|Any CPU.ActiveCfg = Debug|Any CPU
		{4455F9EC-C00A-4A75-8AEC-C86B651B4A2B}.Debug|Any CPU.Build.0 = Debug|Any CPU
		{4455F9EC-C00A-4A75-8AEC-C86B651B4A2B}.Release|Any CPU.ActiveCfg = Release|Any CPU
		{4455F9EC-C00A-4A75-8AEC-C86B651B4A2B}.Release|Any CPU.Build.0 = Release|Any CPU
		{C8BBB296-92D1-417B-8BB7-689F1DC427C5}.Debug|Any CPU.ActiveCfg = Debug|Any CPU
		{C8BBB296-92D1-417B-8BB7-689F1DC427C5}.Debug|Any CPU.Build.0 = Debug|Any CPU
		{C8BBB296-92D1-417B-8BB7-689F1DC427C5}.Release|Any CPU.ActiveCfg = Release|Any CPU
		{C8BBB296-92D1-417B-8BB7-689F1DC427C5}.Release|Any CPU.Build.0 = Release|Any CPU
		{A141B7BA-4BE7-430D-84D2-1EF9BE4B354C}.Debug|Any CPU.ActiveCfg = Debug|Any CPU
		{A141B7BA-4BE7-430D-84D2-1EF9BE4B354C}.Debug|Any CPU.Build.0 = Debug|Any CPU
		{A141B7BA-4BE7-430D-84D2-1EF9BE4B354C}.Release|Any CPU.ActiveCfg = Release|Any CPU
		{A141B7BA-4BE7-430D-84D2-1EF9BE4B354C}.Release|Any CPU.Build.0 = Release|Any CPU
		{B0AD4C59-F9A8-4C37-9032-868583A691C5}.Debug|Any CPU.ActiveCfg = Debug|Any CPU
		{B0AD4C59-F9A8-4C37-9032-868583A691C5}.Debug|Any CPU.Build.0 = Debug|Any CPU
		{B0AD4C59-F9A8-4C37-9032-868583A691C5}.Release|Any CPU.ActiveCfg = Release|Any CPU
		{B0AD4C59-F9A8-4C37-9032-868583A691C5}.Release|Any CPU.Build.0 = Release|Any CPU
		{CAC38A00-811B-427B-8957-880D1ACDE49B}.Debug|Any CPU.ActiveCfg = Debug|Any CPU
		{CAC38A00-811B-427B-8957-880D1ACDE49B}.Debug|Any CPU.Build.0 = Debug|Any CPU
		{CAC38A00-811B-427B-8957-880D1ACDE49B}.Release|Any CPU.ActiveCfg = Release|Any CPU
		{CAC38A00-811B-427B-8957-880D1ACDE49B}.Release|Any CPU.Build.0 = Release|Any CPU
	EndGlobalSection
	GlobalSection(SolutionProperties) = preSolution
		HideSolutionNode = FALSE
	EndGlobalSection
	GlobalSection(NestedProjects) = preSolution
		{74A06CEC-DECC-42A3-976C-9E3EFF0B545D} = {BA3885B9-FD10-409A-BE2F-B0A1FF562ECE}
		{D93F995E-AC8D-418E-AFCA-DC20AB2BC5AB} = {774A245B-AEEF-4793-99EC-F67ADD3E38F3}
		{BAB20F93-EC16-45CE-8988-B0903C59114C} = {774A245B-AEEF-4793-99EC-F67ADD3E38F3}
		{F6C583EB-8D82-4CC4-9EDF-E04F251B2244} = {774A245B-AEEF-4793-99EC-F67ADD3E38F3}
		{4455F9EC-C00A-4A75-8AEC-C86B651B4A2B} = {774A245B-AEEF-4793-99EC-F67ADD3E38F3}
		{C8BBB296-92D1-417B-8BB7-689F1DC427C5} = {774A245B-AEEF-4793-99EC-F67ADD3E38F3}
		{A141B7BA-4BE7-430D-84D2-1EF9BE4B354C} = {97740B01-2251-4B7D-9524-824ABCCD7FFC}
		{B0AD4C59-F9A8-4C37-9032-868583A691C5} = {188BE367-0CD5-41DA-8CCF-9EC8C331425A}
		{CAC38A00-811B-427B-8957-880D1ACDE49B} = {188BE367-0CD5-41DA-8CCF-9EC8C331425A}
	EndGlobalSection
EndGlobal
